<?xml version="1.0" encoding="utf-8"?>
<Project ToolsVersion="4.0" xmlns="http://schemas.microsoft.com/developer/msbuild/2003">
  <ItemGroup>
    <Filter Include="Source Files">
      <UniqueIdentifier>{4FC737F1-C7A5-4376-A066-2A32D752A2FF}</UniqueIdentifier>
      <Extensions>cpp;c;cc;cxx;def;odl;idl;hpj;bat;asm;asmx</Extensions>
    </Filter>
    <Filter Include="Header Files">
      <UniqueIdentifier>{93995380-89BD-4b04-88EB-625FBE52EBFB}</UniqueIdentifier>
      <Extensions>h;hpp;hxx;hm;inl;inc;xsd</Extensions>
    </Filter>
    <Filter Include="Resource Files">
      <UniqueIdentifier>{67DA6AB6-F800-4c08-8B7A-83BB121AAD01}</UniqueIdentifier>
      <Extensions>rc;ico;cur;bmp;dlg;rc2;rct;bin;rgs;gif;jpg;jpeg;jpe;resx;tiff;tif;png;wav;mfcribbon-ms</Extensions>
    </Filter>
    <Filter Include="Header Files\Axis">
      <UniqueIdentifier>{b47d3e67-470d-4d55-a068-1d12afe05860}</UniqueIdentifier>
    </Filter>
    <Filter Include="Source Files\Axis">
      <UniqueIdentifier>{046b9a90-d7d9-4f35-883d-e6a81f6f1ef4}</UniqueIdentifier>
    </Filter>
  </ItemGroup>
  <ItemGroup>
    <None Include="ReadMe.txt" />
  </ItemGroup>
  <ItemGroup>
    <ClInclude Include="stdafx.h">
      <Filter>Header Files</Filter>
    </ClInclude>
    <ClInclude Include="targetver.h">
      <Filter>Header Files</Filter>
    </ClInclude>
    <ClInclude Include="Configure.h">
      <Filter>Header Files</Filter>
    </ClInclude>
    <ClInclude Include="ErrorHandler.h">
      <Filter>Header Files</Filter>
    </ClInclude>
    <ClInclude Include="NYCe_Base.h">
      <Filter>Header Files</Filter>
    </ClInclude>
    <ClInclude Include="Axis_Base.h">
      <Filter>Header Files\Axis</Filter>
    </ClInclude>
    <ClInclude Include="Axis_Control.h">
      <Filter>Header Files\Axis</Filter>
    </ClInclude>
    <ClInclude Include="Axis_Motion.h">
      <Filter>Header Files\Axis</Filter>
    </ClInclude>
  </ItemGroup>
  <ItemGroup>
    <ClCompile Include="stdafx.cpp">
      <Filter>Source Files</Filter>
    </ClCompile>
    <ClCompile Include="NYCe_Base.cpp">
      <Filter>Source Files</Filter>
    </ClCompile>
    <ClCompile Include="Axis_Base.cpp">
      <Filter>Source Files\Axis</Filter>
    </ClCompile>
    <ClCompile Include="Axis_Motion.cpp">
      <Filter>Source Files\Axis</Filter>
    </ClCompile>
    <ClCompile Include="Axis_Control.cpp">
      <Filter>Source Files\Axis</Filter>
    </ClCompile>
    <ClCompile Include="Main.cpp">
      <Filter>Source Files</Filter>
    </ClCompile>
  </ItemGroup>
</Project>